
Microsoft Visual Studio Solution File, Format Version 12.00
# Visual Studio 15
VisualStudioVersion = 15.0.28010.2016
MinimumVisualStudioVersion = 10.0.40219.1
Project("{FAE04EC0-301F-11D3-BF4B-00C04F79EFBC}") = "SharePoint Addin Rest API Tutorial", "SharePoint Addin Rest API Tutorial\SharePoint Addin Rest API Tutorial.csproj", "{248CD647-C8F5-4526-AF03-77AB2EEE55EE}"
EndProject
Global
	GlobalSection(SolutionConfigurationPlatforms) = preSolution
		Debug|Any CPU = Debug|Any CPU
		Release|Any CPU = Release|Any CPU
	EndGlobalSection
	GlobalSection(ProjectConfigurationPlatforms) = postSolution
		{248CD647-C8F5-4526-AF03-77AB2EEE55EE}.Debug|Any CPU.ActiveCfg = Debug|Any CPU
		{248CD647-C8F5-4526-AF03-77AB2EEE55EE}.Debug|Any CPU.Build.0 = Debug|Any CPU
		{248CD647-C8F5-4526-AF03-77AB2EEE55EE}.Debug|Any CPU.Deploy.0 = Debug|Any CPU
		{248CD647-C8F5-4526-AF03-77AB2EEE55EE}.Release|Any CPU.ActiveCfg = Release|Any CPU
		{248CD647-C8F5-4526-AF03-77AB2EEE55EE}.Release|Any CPU.Build.0 = Release|Any CPU
		{248CD647-C8F5-4526-AF03-77AB2EEE55EE}.Release|Any CPU.Deploy.0 = Release|Any CPU
	EndGlobalSection
	GlobalSection(SolutionProperties) = preSolution
		HideSolutionNode = FALSE
	EndGlobalSection
	GlobalSection(ExtensibilityGlobals) = postSolution
		SolutionGuid = {D912596A-31CE-4D22-B725-592574B8757E}
	EndGlobalSection
EndGlobal
